
Microsoft Visual Studio Solution File, Format Version 12.00
# Visual Studio Version 16
VisualStudioVersion = 16.0.31005.135
MinimumVisualStudioVersion = 10.0.40219.1
Project("{00D1A9C2-B5F0-4AF3-8072-F6C62B433612}") = "ME2.0", "ME2.0\ME2.0.sqlproj", "{3A61B18F-B514-49F2-97F5-783B2B85D712}"
EndProject
Global
	GlobalSection(SolutionConfigurationPlatforms) = preSolution
		Debug|Any CPU = Debug|Any CPU
		Release|Any CPU = Release|Any CPU
	EndGlobalSection
	GlobalSection(ProjectConfigurationPlatforms) = postSolution
		{3A61B18F-B514-49F2-97F5-783B2B85D712}.Debug|Any CPU.ActiveCfg = Debug|Any CPU
		{3A61B18F-B514-49F2-97F5-783B2B85D712}.Debug|Any CPU.Build.0 = Debug|Any CPU
		{3A61B18F-B514-49F2-97F5-783B2B85D712}.Debug|Any CPU.Deploy.0 = Debug|Any CPU
		{3A61B18F-B514-49F2-97F5-783B2B85D712}.Release|Any CPU.ActiveCfg = Release|Any CPU
		{3A61B18F-B514-49F2-97F5-783B2B85D712}.Release|Any CPU.Build.0 = Release|Any CPU
		{3A61B18F-B514-49F2-97F5-783B2B85D712}.Release|Any CPU.Deploy.0 = Release|Any CPU
	EndGlobalSection
	GlobalSection(SolutionProperties) = preSolution
		HideSolutionNode = FALSE
	EndGlobalSection
	GlobalSection(ExtensibilityGlobals) = postSolution
		SolutionGuid = {DE5DCF49-67EE-42A3-A6F3-15F0A3128B4E}
	EndGlobalSection
EndGlobal
